# This file was autogenerated by Stack.
# You should not edit this file by hand.
# For more information, please see the documentation at:
#   https://docs.haskellstack.org/en/stable/lock_files

packages:
- completed:
    subdir: haskus-utils
    cabal-file:
      size: 2791
      sha256: b1e1ee0c2ab54cd1924aef3bb2a5b8ffe381e049e546a483d87a2f2e073c8dd8
    name: haskus-utils
    version: 1.0.0.1
    git: https://github.com/oofp/haskus-utlls_1.0_forked.git
    pantry-tree:
      size: 1825
      sha256: 10267c4725f07d88b96c0218e264d2213961274c57103bd90dc865ded90e044c
    commit: f96c5adbd2bc410fb994b5031728ff720734831f
  original:
    subdir: haskus-utils
    git: https://github.com/oofp/haskus-utlls_1.0_forked.git
    commit: f96c5adbd2bc410fb994b5031728ff720734831f
- completed:
    subdir: haskus-utils-data
    cabal-file:
      size: 1171
      sha256: 4017fa0d8853f3e5abb58de30eb296284635a4e5a24b26a434669a819bd50bde
    name: haskus-utils-data
    version: '1.0'
    git: https://github.com/oofp/haskus-utlls_1.0_forked.git
    pantry-tree:
      size: 723
      sha256: 85392eba71a3613d009c75807bd9a855af744eec2a8f4e429716b6f5eb5b3af7
    commit: f96c5adbd2bc410fb994b5031728ff720734831f
  original:
    subdir: haskus-utils-data
    git: https://github.com/oofp/haskus-utlls_1.0_forked.git
    commit: f96c5adbd2bc410fb994b5031728ff720734831f
- completed:
    subdir: haskus-utils-types
    cabal-file:
      size: 893
      sha256: 6daf01f9de6212f528fd5459ddea035f4bea066d6e803b427ab8622bf63cb5b0
    name: haskus-utils-types
    version: '1.0'
    git: https://github.com/oofp/haskus-utlls_1.0_forked.git
    pantry-tree:
      size: 432
      sha256: c15956302249b3e39b8a6410beee8ba167ad739a17f729c5d0eace67bac7d1cf
    commit: f96c5adbd2bc410fb994b5031728ff720734831f
  original:
    subdir: haskus-utils-types
    git: https://github.com/oofp/haskus-utlls_1.0_forked.git
    commit: f96c5adbd2bc410fb994b5031728ff720734831f
- completed:
    subdir: haskus-utils-variant
    cabal-file:
      size: 1005
      sha256: aeedcdf56feeb958e10949ce127f6d69e4221cc6c5acacb376ced61da9c0bf5a
    name: haskus-utils-variant
    version: '1.0'
    git: https://github.com/oofp/haskus-utlls_1.0_forked.git
    pantry-tree:
      size: 538
      sha256: cc7cecf78dbf8c06e8c3f8f94eb6bfce39b18fd693f6e1fd7971c99a7f795610
    commit: f96c5adbd2bc410fb994b5031728ff720734831f
  original:
    subdir: haskus-utils-variant
    git: https://github.com/oofp/haskus-utlls_1.0_forked.git
    commit: f96c5adbd2bc410fb994b5031728ff720734831f
- completed:
    hackage: elm-bridge-0.5.1@sha256:e38bfb9dcd1e2cd119a280072f2f99ed718120c21f37f102b8318156645f06da,2421
    pantry-tree:
      size: 1084
      sha256: cd4fd21b75bfd977b30e73249d8edd5cc21a8b7fd0dd0c7f364987e0221d626d
  original:
    hackage: elm-bridge-0.5.1
- completed:
    hackage: pipes-aeson-0.4.1.8@sha256:e3661fa8ae4f95e30e471082c2c75767f198f7df7a15dc0ab513a09961453192,1411
    pantry-tree:
      size: 497
      sha256: 717bf18325908156b8682546ed06aee40757f300a413d2f88477f06fe369fbb0
  original:
    hackage: pipes-aeson-0.4.1.8
- completed:
    hackage: wai-util-0.8@sha256:7181e748ccd405ecef5a586c954acb3d62b55b8eb7368efb5d80d6bf38e8211b,1260
    pantry-tree:
      size: 255
      sha256: b80c70adc40b866a4bf6ba0716806efdcce14235e1e6ae69a25cfde679d771e7
  original:
    hackage: wai-util-0.8
- completed:
    hackage: http-accept-0.2@sha256:c55935f6ff4984aee96ebc130cc9aa6919d322becb613c049a81203cec9fe65e,1154
    pantry-tree:
      size: 262
      sha256: faed5502bca51dd31fdff8277c344278bad508f3e695b6b767530e648a7e00a7
  original:
    hackage: http-accept-0.2
- completed:
    hackage: stm-containers-1.1.0.4@sha256:f83a683357b6e3b1dda3e70d2077a37224ed534df1f74c4e11f3f6daa7945c5b,3248
    pantry-tree:
      size: 761
      sha256: 059c5a2d657d392aca0a887648f57380d6321734dc8879c056a44d4414308ac6
  original:
    hackage: stm-containers-1.1.0.4
- completed:
    hackage: stm-hamt-1.2.0.2@sha256:18126db7bf2d9c967a6020c677b3005dd957a4c39d69aeaea3c29c90de8f6124,3972
    pantry-tree:
      size: 1009
      sha256: ef426797655d6b4b9238b1200c4129d44e91f996f26b92a035b1333b8b8a6f62
  original:
    hackage: stm-hamt-1.2.0.2
- completed:
    hackage: focus-1.0.1.3@sha256:adfb0c747394e5dc5d4839167b95f6f9673162b68eb7e7cf11ba39ddf648f8e8,2647
    pantry-tree:
      size: 325
      sha256: d42ae39d4ef43ab58068d70c8e380c10f395fbbf6d06e2e863060ed369691b9a
  original:
    hackage: focus-1.0.1.3
- completed:
    hackage: primitive-extras-0.7.1@sha256:23905c57089418b1a2d324cfee3e81bbd5a344a0fa56a827867b2dce275fdb5e,2945
    pantry-tree:
      size: 1181
      sha256: f788dae21ca4f0d0377d97a5ba7fd008d4b0af8991a745f94c29f2caa11dc6bd
  original:
    hackage: primitive-extras-0.7.1
- completed:
    hackage: type-errors-0.2.0.0@sha256:b8f97a0cf72f4fcdc9bfd02d753f84e65e5e5d165d53f82947a95cdcbd7f2945,2082
    pantry-tree:
      size: 368
      sha256: 0ca254a77a52915d71ce1dc3927caa1b8166dec162932a65314c2bc2af296200
  original:
    hackage: type-errors-0.2.0.0
- completed:
    hackage: first-class-families-0.5.0.0@sha256:6e1488c502d5b1e780739a53edab65a307c6bf94d4232fab70e696e87f0fa087,1290
    pantry-tree:
      size: 847
      sha256: 9289ea3bef39f4aae774cfe466810ee55989b1ef58de33a7c9668df8b0657b1d
  original:
    hackage: first-class-families-0.5.0.0@sha256:6e1488c502d5b1e780739a53edab65a307c6bf94d4232fab70e696e87f0fa087
snapshots:
- completed:
    size: 523448
    url: https://raw.githubusercontent.com/commercialhaskell/stackage-snapshots/master/lts/14/1.yaml
    sha256: 0045b9bae36c3bb2dd374c29b586389845af1557eea0423958d152fc500d4fbf
  original: lts-14.1
